// !$*UTF8*$!
{
	archiveVersion = 1;
	classes = {
	};
	objectVersion = 77;
	objects = {

/* Begin PBXContainerItemProxy section */
		901D1A592CCD1F7300C4FFFB /* PBXContainerItemProxy */ = {
			isa = PBXContainerItemProxy;
			containerPortal = 901D1A402CCD1F7200C4FFFB /* Project object */;
			proxyType = 1;
			remoteGlobalIDString = 901D1A472CCD1F7200C4FFFB;
			remoteInfo = BlockchainData;
		};
		901D1A632CCD1F7300C4FFFB /* PBXContainerItemProxy */ = {
			isa = PBXContainerItemProxy;
			containerPortal = 901D1A402CCD1F7200C4FFFB /* Project object */;
			proxyType = 1;
			remoteGlobalIDString = 901D1A472CCD1F7200C4FFFB;
			remoteInfo = BlockchainData;
		};
/* End PBXContainerItemProxy section */

/* Begin PBXFileReference section */
		901D1A482CCD1F7200C4FFFB /* BlockchainData.app */ = {isa = PBXFileReference; explicitFileType = wrapper.application; includeInIndex = 0; path = BlockchainData.app; sourceTree = BUILT_PRODUCTS_DIR; };
		901D1A582CCD1F7300C4FFFB /* BlockchainDataTests.xctest */ = {isa = PBXFileReference; explicitFileType = wrapper.cfbundle; includeInIndex = 0; path = BlockchainDataTests.xctest; sourceTree = BUILT_PRODUCTS_DIR; };
		901D1A622CCD1F7300C4FFFB /* BlockchainDataUITests.xctest */ = {isa = PBXFileReference; explicitFileType = wrapper.cfbundle; includeInIndex = 0; path = BlockchainDataUITests.xctest; sourceTree = BUILT_PRODUCTS_DIR; };
/* End PBXFileReference section */

/* Begin PBXFileSystemSynchronizedBuildFileExceptionSet section */
		901D1A852CCD647C00C4FFFB /* Exceptions for "BlockchainDataUITests" folder in "BlockchainData" target */ = {
			isa = PBXFileSystemSynchronizedBuildFileExceptionSet;
			membershipExceptions = (
				"Image 26-10-24 at 18.53.jpg",
			);
			target = 901D1A472CCD1F7200C4FFFB /* BlockchainData */;
		};
		901D1A862CCD647C00C4FFFB /* Exceptions for "BlockchainDataUITests" folder in "BlockchainDataUITests" target */ = {
			isa = PBXFileSystemSynchronizedBuildFileExceptionSet;
			membershipExceptions = (
				"Image 26-10-24 at 18.53.jpg",
			);
			target = 901D1A612CCD1F7300C4FFFB /* BlockchainDataUITests */;
		};
/* End PBXFileSystemSynchronizedBuildFileExceptionSet section */

/* Begin PBXFileSystemSynchronizedRootGroup section */
		901D1A4A2CCD1F7200C4FFFB /* BlockchainData */ = {
			isa = PBXFileSystemSynchronizedRootGroup;
			path = BlockchainData;
			sourceTree = "<group>";
		};
		901D1A5B2CCD1F7300C4FFFB /* BlockchainDataTests */ = {
			isa = PBXFileSystemSynchronizedRootGroup;
			path = BlockchainDataTests;
			sourceTree = "<group>";
		};
		901D1A652CCD1F7300C4FFFB /* BlockchainDataUITests */ = {
			isa = PBXFileSystemSynchronizedRootGroup;
			exceptions = (
				901D1A852CCD647C00C4FFFB /* Exceptions for "BlockchainDataUITests" folder in "BlockchainData" target */,
				901D1A862CCD647C00C4FFFB /* Exceptions for "BlockchainDataUITests" folder in "BlockchainDataUITests" target */,
			);
			path = BlockchainDataUITests;
			sourceTree = "<group>";
		};
/* End PBXFileSystemSynchronizedRootGroup section */

/* Begin PBXFrameworksBuildPhase section */
		901D1A452CCD1F7200C4FFFB /* Frameworks */ = {
			isa = PBXFrameworksBuildPhase;
			buildActionMask = 2147483647;
			files = (
			);
			runOnlyForDeploymentPostprocessing = 0;
		};
		901D1A552CCD1F7300C4FFFB /* Frameworks */ = {
			isa = PBXFrameworksBuildPhase;
			buildActionMask = 2147483647;
			files = (
			);
			runOnlyForDeploymentPostprocessing = 0;
		};
		901D1A5F2CCD1F7300C4FFFB /* Frameworks */ = {
			isa = PBXFrameworksBuildPhase;
			buildActionMask = 2147483647;
			files = (
			);
			runOnlyForDeploymentPostprocessing = 0;
		};
/* End PBXFrameworksBuildPhase section */

/* Begin PBXGroup section */
		901D1A3F2CCD1F7200C4FFFB = {
			isa = PBXGroup;
			children = (
				901D1A4A2CCD1F7200C4FFFB /* BlockchainData */,
				901D1A5B2CCD1F7300C4FFFB /* BlockchainDataTests */,
				901D1A652CCD1F7300C4FFFB /* BlockchainDataUITests */,
				901D1A492CCD1F7200C4FFFB /* Products */,
			);
			sourceTree = "<group>";
		};
		901D1A492CCD1F7200C4FFFB /* Products */ = {
			isa = PBXGroup;
			children = (
				901D1A482CCD1F7200C4FFFB /* BlockchainData.app */,
				901D1A582CCD1F7300C4FFFB /* BlockchainDataTests.xctest */,
				901D1A622CCD1F7300C4FFFB /* BlockchainDataUITests.xctest */,
			);
			name = Products;
			sourceTree = "<group>";
		};
/* End PBXGroup section */

/* Begin PBXNativeTarget section */
		901D1A472CCD1F7200C4FFFB /* BlockchainData */ = {
			isa = PBXNativeTarget;
			buildConfigurationList = 901D1A6C2CCD1F7300C4FFFB /* Build configuration list for PBXNativeTarget "BlockchainData" */;
			buildPhases = (
				901D1A442CCD1F7200C4FFFB /* Sources */,
				901D1A452CCD1F7200C4FFFB /* Frameworks */,
				901D1A462CCD1F7200C4FFFB /* Resources */,
			);
			buildRules = (
			);
			dependencies = (
			);
			fileSystemSynchronizedGroups = (
				901D1A4A2CCD1F7200C4FFFB /* BlockchainData */,
			);
			name = BlockchainData;
			packageProductDependencies = (
			);
			productName = BlockchainData;
			productReference = 901D1A482CCD1F7200C4FFFB /* BlockchainData.app */;
			productType = "com.apple.product-type.application";
		};
		901D1A572CCD1F7300C4FFFB /* BlockchainDataTests */ = {
			isa = PBXNativeTarget;
			buildConfigurationList = 901D1A6F2CCD1F7300C4FFFB /* Build configuration list for PBXNativeTarget "BlockchainDataTests" */;
			buildPhases = (
				901D1A542CCD1F7300C4FFFB /* Sources */,
				901D1A552CCD1F7300C4FFFB /* Frameworks */,
				901D1A562CCD1F7300C4FFFB /* Resources */,
			);
			buildRules = (
			);
			dependencies = (
				901D1A5A2CCD1F7300C4FFFB /* PBXTargetDependency */,
			);
			fileSystemSynchronizedGroups = (
				901D1A5B2CCD1F7300C4FFFB /* BlockchainDataTests */,
			);
			name = BlockchainDataTests;
			packageProductDependencies = (
			);
			productName = BlockchainDataTests;
			productReference = 901D1A582CCD1F7300C4FFFB /* BlockchainDataTests.xctest */;
			productType = "com.apple.product-type.bundle.unit-test";
		};
		901D1A612CCD1F7300C4FFFB /* BlockchainDataUITests */ = {
			isa = PBXNativeTarget;
			buildConfigurationList = 901D1A722CCD1F7300C4FFFB /* Build configuration list for PBXNativeTarget "BlockchainDataUITests" */;
			buildPhases = (
				901D1A5E2CCD1F7300C4FFFB /* Sources */,
				901D1A5F2CCD1F7300C4FFFB /* Frameworks */,
				901D1A602CCD1F7300C4FFFB /* Resources */,
			);
			buildRules = (
			);
			dependencies = (
				901D1A642CCD1F7300C4FFFB /* PBXTargetDependency */,
			);
			fileSystemSynchronizedGroups = (
				901D1A652CCD1F7300C4FFFB /* BlockchainDataUITests */,
			);
			name = BlockchainDataUITests;
			packageProductDependencies = (
			);
			productName = BlockchainDataUITests;
			productReference = 901D1A622CCD1F7300C4FFFB /* BlockchainDataUITests.xctest */;
			productType = "com.apple.product-type.bundle.ui-testing";
		};
/* End PBXNativeTarget section */

/* Begin PBXProject section */
		901D1A402CCD1F7200C4FFFB /* Project object */ = {
			isa = PBXProject;
			attributes = {
				BuildIndependentTargetsInParallel = 1;
				LastSwiftUpdateCheck = 1600;
				LastUpgradeCheck = 1600;
				TargetAttributes = {
					901D1A472CCD1F7200C4FFFB = {
						CreatedOnToolsVersion = 16.0;
					};
					901D1A572CCD1F7300C4FFFB = {
						CreatedOnToolsVersion = 16.0;
						TestTargetID = 901D1A472CCD1F7200C4FFFB;
					};
					901D1A612CCD1F7300C4FFFB = {
						CreatedOnToolsVersion = 16.0;
						TestTargetID = 901D1A472CCD1F7200C4FFFB;
					};
				};
			};
			buildConfigurationList = 901D1A432CCD1F7200C4FFFB /* Build configuration list for PBXProject "BlockchainData" */;
			developmentRegion = en;
			hasScannedForEncodings = 0;
			knownRegions = (
				en,
				Base,
			);
			mainGroup = 901D1A3F2CCD1F7200C4FFFB;
			minimizedProjectReferenceProxies = 1;
			preferredProjectObjectVersion = 77;
			productRefGroup = 901D1A492CCD1F7200C4FFFB /* Products */;
			projectDirPath = "";
			projectRoot = "";
			targets = (
				901D1A472CCD1F7200C4FFFB /* BlockchainData */,
				901D1A572CCD1F7300C4FFFB /* BlockchainDataTests */,
				901D1A612CCD1F7300C4FFFB /* BlockchainDataUITests */,
			);
		};
/* End PBXProject section */

/* Begin PBXResourcesBuildPhase section */
		901D1A462CCD1F7200C4FFFB /* Resources */ = {
			isa = PBXResourcesBuildPhase;
			buildActionMask = 2147483647;
			files = (
			);
			runOnlyForDeploymentPostprocessing = 0;
		};
		901D1A562CCD1F7300C4FFFB /* Resources */ = {
			isa = PBXResourcesBuildPhase;
			buildActionMask = 2147483647;
			files = (
			);
			runOnlyForDeploymentPostprocessing = 0;
		};
		901D1A602CCD1F7300C4FFFB /* Resources */ = {
			isa = PBXResourcesBuildPhase;
			buildActionMask = 2147483647;
			files = (
			);
			runOnlyForDeploymentPostprocessing = 0;
		};
/* End PBXResourcesBuildPhase section */

/* Begin PBXSourcesBuildPhase section */
		901D1A442CCD1F7200C4FFFB /* Sources */ = {
			isa = PBXSourcesBuildPhase;
			buildActionMask = 2147483647;
			files = (
			);
			runOnlyForDeploymentPostprocessing = 0;
		};
		901D1A542CCD1F7300C4FFFB /* Sources */ = {
			isa = PBXSourcesBuildPhase;
			buildActionMask = 2147483647;
			files = (
			);
			runOnlyForDeploymentPostprocessing = 0;
		};
		901D1A5E2CCD1F7300C4FFFB /* Sources */ = {
			isa = PBXSourcesBuildPhase;
			buildActionMask = 2147483647;
			files = (
			);
			runOnlyForDeploymentPostprocessing = 0;
		};
/* End PBXSourcesBuildPhase section */

/* Begin PBXTargetDependency section */
		901D1A5A2CCD1F7300C4FFFB /* PBXTargetDependency */ = {
			isa = PBXTargetDependency;
			target = 901D1A472CCD1F7200C4FFFB /* BlockchainData */;
			targetProxy = 901D1A592CCD1F7300C4FFFB /* PBXContainerItemProxy */;
		};
		901D1A642CCD1F7300C4FFFB /* PBXTargetDependency */ = {
			isa = PBXTargetDependency;
			target = 901D1A472CCD1F7200C4FFFB /* BlockchainData */;
			targetProxy = 901D1A632CCD1F7300C4FFFB /* PBXContainerItemProxy */;
		};
/* End PBXTargetDependency section */

/* Begin XCBuildConfiguration section */
		901D1A6A2CCD1F7300C4FFFB /* Debug */ = {
			isa = XCBuildConfiguration;
			buildSettings = {
				ALWAYS_SEARCH_USER_PATHS = NO;
				ASSETCATALOG_COMPILER_GENERATE_SWIFT_ASSET_SYMBOL_EXTENSIONS = YES;
				CLANG_ANALYZER_NONNULL = YES;
				CLANG_ANALYZER_NUMBER_OBJECT_CONVERSION = YES_AGGRESSIVE;
				CLANG_CXX_LANGUAGE_STANDARD = "gnu++20";
				CLANG_ENABLE_MODULES = YES;
				CLANG_ENABLE_OBJC_ARC = YES;
				CLANG_ENABLE_OBJC_WEAK = YES;
				CLANG_WARN_BLOCK_CAPTURE_AUTORELEASING = YES;
				CLANG_WARN_BOOL_CONVERSION = YES;
				CLANG_WARN_COMMA = YES;
				CLANG_WARN_CONSTANT_CONVERSION = YES;
				CLANG_WARN_DEPRECATED_OBJC_IMPLEMENTATIONS = YES;
				CLANG_WARN_DIRECT_OBJC_ISA_USAGE = YES_ERROR;
				CLANG_WARN_DOCUMENTATION_COMMENTS = YES;
				CLANG_WARN_EMPTY_BODY = YES;
				CLANG_WARN_ENUM_CONVERSION = YES;
				CLANG_WARN_INFINITE_RECURSION = YES;
				CLANG_WARN_INT_CONVERSION = YES;
				CLANG_WARN_NON_LITERAL_NULL_CONVERSION = YES;
				CLANG_WARN_OBJC_IMPLICIT_RETAIN_SELF = YES;
				CLANG_WARN_OBJC_LITERAL_CONVERSION = YES;
				CLANG_WARN_OBJC_ROOT_CLASS = YES_ERROR;
				CLANG_WARN_QUOTED_INCLUDE_IN_FRAMEWORK_HEADER = YES;
				CLANG_WARN_RANGE_LOOP_ANALYSIS = YES;
				CLANG_WARN_STRICT_PROTOTYPES = YES;
				CLANG_WARN_SUSPICIOUS_MOVE = YES;
				CLANG_WARN_UNGUARDED_AVAILABILITY = YES_AGGRESSIVE;
				CLANG_WARN_UNREACHABLE_CODE = YES;
				CLANG_WARN__DUPLICATE_METHOD_MATCH = YES;
				COPY_PHASE_STRIP = NO;
				DEBUG_INFORMATION_FORMAT = dwarf;
				ENABLE_STRICT_OBJC_MSGSEND = YES;
				ENABLE_TESTABILITY = YES;
				ENABLE_USER_SCRIPT_SANDBOXING = YES;
				GCC_C_LANGUAGE_STANDARD = gnu17;
				GCC_DYNAMIC_NO_PIC = NO;
				GCC_NO_COMMON_BLOCKS = YES;
				GCC_OPTIMIZATION_LEVEL = 0;
				GCC_PREPROCESSOR_DEFINITIONS = (
					"DEBUG=1",
					"$(inherited)",
				);
				GCC_WARN_64_TO_32_BIT_CONVERSION = YES;
				GCC_WARN_ABOUT_RETURN_TYPE = YES_ERROR;
				GCC_WARN_UNDECLARED_SELECTOR = YES;
				GCC_WARN_UNINITIALIZED_AUTOS = YES_AGGRESSIVE;
				GCC_WARN_UNUSED_FUNCTION = YES;
				GCC_WARN_UNUSED_VARIABLE = YES;
				IPHONEOS_DEPLOYMENT_TARGET = 18.0;
				LOCALIZATION_PREFERS_STRING_CATALOGS = YES;
				MTL_ENABLE_DEBUG_INFO = INCLUDE_SOURCE;
				MTL_FAST_MATH = YES;
				ONLY_ACTIVE_ARCH = YES;
				SDKROOT = iphoneos;
				SWIFT_ACTIVE_COMPILATION_CONDITIONS = "DEBUG $(inherited)";
				SWIFT_OPTIMIZATION_LEVEL = "-Onone";
			};
			name = Debug;
		};
		901D1A6B2CCD1F7300C4FFFB /* Release */ = {
			isa = XCBuildConfiguration;
			buildSettings = {
				ALWAYS_SEARCH_USER_PATHS = NO;
				ASSETCATALOG_COMPILER_GENERATE_SWIFT_ASSET_SYMBOL_EXTENSIONS = YES;
				CLANG_ANALYZER_NONNULL = YES;
				CLANG_ANALYZER_NUMBER_OBJECT_CONVERSION = YES_AGGRESSIVE;
				CLANG_CXX_LANGUAGE_STANDARD = "gnu++20";
				CLANG_ENABLE_MODULES = YES;
				CLANG_ENABLE_OBJC_ARC = YES;
				CLANG_ENABLE_OBJC_WEAK = YES;
				CLANG_WARN_BLOCK_CAPTURE_AUTORELEASING = YES;
				CLANG_WARN_BOOL_CONVERSION = YES;
				CLANG_WARN_COMMA = YES;
				CLANG_WARN_CONSTANT_CONVERSION = YES;
				CLANG_WARN_DEPRECATED_OBJC_IMPLEMENTATIONS = YES;
				CLANG_WARN_DIRECT_OBJC_ISA_USAGE = YES_ERROR;
				CLANG_WARN_DOCUMENTATION_COMMENTS = YES;
				CLANG_WARN_EMPTY_BODY = YES;
				CLANG_WARN_ENUM_CONVERSION = YES;
				CLANG_WARN_INFINITE_RECURSION = YES;
				CLANG_WARN_INT_CONVERSION = YES;
				CLANG_WARN_NON_LITERAL_NULL_CONVERSION = YES;
				CLANG_WARN_OBJC_IMPLICIT_RETAIN_SELF = YES;
				CLANG_WARN_OBJC_LITERAL_CONVERSION = YES;
				CLANG_WARN_OBJC_ROOT_CLASS = YES_ERROR;
				CLANG_WARN_QUOTED_INCLUDE_IN_FRAMEWORK_HEADER = YES;
				CLANG_WARN_RANGE_LOOP_ANALYSIS = YES;
				CLANG_WARN_STRICT_PROTOTYPES = YES;
				CLANG_WARN_SUSPICIOUS_MOVE = YES;
				CLANG_WARN_UNGUARDED_AVAILABILITY = YES_AGGRESSIVE;
				CLANG_WARN_UNREACHABLE_CODE = YES;
				CLANG_WARN__DUPLICATE_METHOD_MATCH = YES;
				COPY_PHASE_STRIP = NO;
				DEBUG_INFORMATION_FORMAT = "dwarf-with-dsym";
				ENABLE_NS_ASSERTIONS = NO;
				ENABLE_STRICT_OBJC_MSGSEND = YES;
				ENABLE_USER_SCRIPT_SANDBOXING = YES;
				GCC_C_LANGUAGE_STANDARD = gnu17;
				GCC_NO_COMMON_BLOCKS = YES;
				GCC_WARN_64_TO_32_BIT_CONVERSION = YES;
				GCC_WARN_ABOUT_RETURN_TYPE = YES_ERROR;
				GCC_WARN_UNDECLARED_SELECTOR = YES;
				GCC_WARN_UNINITIALIZED_AUTOS = YES_AGGRESSIVE;
				GCC_WARN_UNUSED_FUNCTION = YES;
				GCC_WARN_UNUSED_VARIABLE = YES;
				IPHONEOS_DEPLOYMENT_TARGET = 18.0;
				LOCALIZATION_PREFERS_STRING_CATALOGS = YES;
				MTL_ENABLE_DEBUG_INFO = NO;
				MTL_FAST_MATH = YES;
				SDKROOT = iphoneos;
				SWIFT_COMPILATION_MODE = wholemodule;
				VALIDATE_PRODUCT = YES;
			};
			name = Release;
		};
		901D1A6D2CCD1F7300C4FFFB /* Debug */ = {
			isa = XCBuildConfiguration;
			buildSettings = {
				ASSETCATALOG_COMPILER_APPICON_NAME = AppIcon;
				ASSETCATALOG_COMPILER_GLOBAL_ACCENT_COLOR_NAME = AccentColor;
				CODE_SIGN_STYLE = Automatic;
				CURRENT_PROJECT_VERSION = 1;
				DEVELOPMENT_ASSET_PATHS = "\"BlockchainData/Preview Content\"";
				DEVELOPMENT_TEAM = GJ594TZ2CB;
				ENABLE_PREVIEWS = YES;
				GENERATE_INFOPLIST_FILE = YES;
				INFOPLIST_KEY_UIApplicationSceneManifest_Generation = YES;
				INFOPLIST_KEY_UIApplicationSupportsIndirectInputEvents = YES;
				INFOPLIST_KEY_UILaunchScreen_Generation = YES;
				INFOPLIST_KEY_UISupportedInterfaceOrientations_iPad = "UIInterfaceOrientationPortrait UIInterfaceOrientationPortraitUpsideDown UIInterfaceOrientationLandscapeLeft UIInterfaceOrientationLandscapeRight";
				INFOPLIST_KEY_UISupportedInterfaceOrientations_iPhone = "UIInterfaceOrientationPortrait UIInterfaceOrientationLandscapeLeft UIInterfaceOrientationLandscapeRight";
				LD_RUNPATH_SEARCH_PATHS = (
					"$(inherited)",
					"@executable_path/Frameworks",
				);
				MARKETING_VERSION = 1.0;
				PRODUCT_BUNDLE_IDENTIFIER = BlackJack.BlockchainData;
				PRODUCT_NAME = "$(TARGET_NAME)";
				SWIFT_EMIT_LOC_STRINGS = YES;
				SWIFT_VERSION = 5.0;
				TARGETED_DEVICE_FAMILY = "1,2";
			};
			name = Debug;
		};
		901D1A6E2CCD1F7300C4FFFB /* Release */ = {
			isa = XCBuildConfiguration;
			buildSettings = {
				ASSETCATALOG_COMPILER_APPICON_NAME = AppIcon;
				ASSETCATALOG_COMPILER_GLOBAL_ACCENT_COLOR_NAME = AccentColor;
				CODE_SIGN_STYLE = Automatic;
				CURRENT_PROJECT_VERSION = 1;
				DEVELOPMENT_ASSET_PATHS = "\"BlockchainData/Preview Content\"";
				DEVELOPMENT_TEAM = GJ594TZ2CB;
				ENABLE_PREVIEWS = YES;
				GENERATE_INFOPLIST_FILE = YES;
				INFOPLIST_KEY_UIApplicationSceneManifest_Generation = YES;
				INFOPLIST_KEY_UIApplicationSupportsIndirectInputEvents = YES;
				INFOPLIST_KEY_UILaunchScreen_Generation = YES;
				INFOPLIST_KEY_UISupportedInterfaceOrientations_iPad = "UIInterfaceOrientationPortrait UIInterfaceOrientationPortraitUpsideDown UIInterfaceOrientationLandscapeLeft UIInterfaceOrientationLandscapeRight";
				INFOPLIST_KEY_UISupportedInterfaceOrientations_iPhone = "UIInterfaceOrientationPortrait UIInterfaceOrientationLandscapeLeft UIInterfaceOrientationLandscapeRight";
				LD_RUNPATH_SEARCH_PATHS = (
					"$(inherited)",
					"@executable_path/Frameworks",
				);
				MARKETING_VERSION = 1.0;
				PRODUCT_BUNDLE_IDENTIFIER = BlackJack.BlockchainData;
				PRODUCT_NAME = "$(TARGET_NAME)";
				SWIFT_EMIT_LOC_STRINGS = YES;
				SWIFT_VERSION = 5.0;
				TARGETED_DEVICE_FAMILY = "1,2";
			};
			name = Release;
		};
		901D1A702CCD1F7300C4FFFB /* Debug */ = {
			isa = XCBuildConfiguration;
			buildSettings = {
				BUNDLE_LOADER = "$(TEST_HOST)";
				CODE_SIGN_STYLE = Automatic;
				CURRENT_PROJECT_VERSION = 1;
				DEVELOPMENT_TEAM = GJ594TZ2CB;
				GENERATE_INFOPLIST_FILE = YES;
				IPHONEOS_DEPLOYMENT_TARGET = 18.0;
				MARKETING_VERSION = 1.0;
				PRODUCT_BUNDLE_IDENTIFIER = BlackJack.BlockchainDataTests;
				PRODUCT_NAME = "$(TARGET_NAME)";
				SWIFT_EMIT_LOC_STRINGS = NO;
				SWIFT_VERSION = 5.0;
				TARGETED_DEVICE_FAMILY = "1,2";
				TEST_HOST = "$(BUILT_PRODUCTS_DIR)/BlockchainData.app/$(BUNDLE_EXECUTABLE_FOLDER_PATH)/BlockchainData";
			};
			name = Debug;
		};
		901D1A712CCD1F7300C4FFFB /* Release */ = {
			isa = XCBuildConfiguration;
			buildSettings = {
				BUNDLE_LOADER = "$(TEST_HOST)";
				CODE_SIGN_STYLE = Automatic;
				CURRENT_PROJECT_VERSION = 1;
				DEVELOPMENT_TEAM = GJ594TZ2CB;
				GENERATE_INFOPLIST_FILE = YES;
				IPHONEOS_DEPLOYMENT_TARGET = 18.0;
				MARKETING_VERSION = 1.0;
				PRODUCT_BUNDLE_IDENTIFIER = BlackJack.BlockchainDataTests;
				PRODUCT_NAME = "$(TARGET_NAME)";
				SWIFT_EMIT_LOC_STRINGS = NO;
				SWIFT_VERSION = 5.0;
				TARGETED_DEVICE_FAMILY = "1,2";
				TEST_HOST = "$(BUILT_PRODUCTS_DIR)/BlockchainData.app/$(BUNDLE_EXECUTABLE_FOLDER_PATH)/BlockchainData";
			};
			name = Release;
		};
		901D1A732CCD1F7300C4FFFB /* Debug */ = {
			isa = XCBuildConfiguration;
			buildSettings = {
				CODE_SIGN_STYLE = Automatic;
				CURRENT_PROJECT_VERSION = 1;
				DEVELOPMENT_TEAM = GJ594TZ2CB;
				GENERATE_INFOPLIST_FILE = YES;
				MARKETING_VERSION = 1.0;
				PRODUCT_BUNDLE_IDENTIFIER = BlackJack.BlockchainDataUITests;
				PRODUCT_NAME = "$(TARGET_NAME)";
				SWIFT_EMIT_LOC_STRINGS = NO;
				SWIFT_VERSION = 5.0;
				TARGETED_DEVICE_FAMILY = "1,2";
				TEST_TARGET_NAME = BlockchainData;
			};
			name = Debug;
		};
		901D1A742CCD1F7300C4FFFB /* Release */ = {
			isa = XCBuildConfiguration;
			buildSettings = {
				CODE_SIGN_STYLE = Automatic;
				CURRENT_PROJECT_VERSION = 1;
				DEVELOPMENT_TEAM = GJ594TZ2CB;
				GENERATE_INFOPLIST_FILE = YES;
				MARKETING_VERSION = 1.0;
				PRODUCT_BUNDLE_IDENTIFIER = BlackJack.BlockchainDataUITests;
				PRODUCT_NAME = "$(TARGET_NAME)";
				SWIFT_EMIT_LOC_STRINGS = NO;
				SWIFT_VERSION = 5.0;
				TARGETED_DEVICE_FAMILY = "1,2";
				TEST_TARGET_NAME = BlockchainData;
			};
			name = Release;
		};
/* End XCBuildConfiguration section */

/* Begin XCConfigurationList section */
		901D1A432CCD1F7200C4FFFB /* Build configuration list for PBXProject "BlockchainData" */ = {
			isa = XCConfigurationList;
			buildConfigurations = (
				901D1A6A2CCD1F7300C4FFFB /* Debug */,
				901D1A6B2CCD1F7300C4FFFB /* Release */,
			);
			defaultConfigurationIsVisible = 0;
			defaultConfigurationName = Release;
		};
		901D1A6C2CCD1F7300C4FFFB /* Build configuration list for PBXNativeTarget "BlockchainData" */ = {
			isa = XCConfigurationList;
			buildConfigurations = (
				901D1A6D2CCD1F7300C4FFFB /* Debug */,
				901D1A6E2CCD1F7300C4FFFB /* Release */,
			);
			defaultConfigurationIsVisible = 0;
			defaultConfigurationName = Release;
		};
		901D1A6F2CCD1F7300C4FFFB /* Build configuration list for PBXNativeTarget "BlockchainDataTests" */ = {
			isa = XCConfigurationList;
			buildConfigurations = (
				901D1A702CCD1F7300C4FFFB /* Debug */,
				901D1A712CCD1F7300C4FFFB /* Release */,
			);
			defaultConfigurationIsVisible = 0;
			defaultConfigurationName = Release;
		};
		901D1A722CCD1F7300C4FFFB /* Build configuration list for PBXNativeTarget "BlockchainDataUITests" */ = {
			isa = XCConfigurationList;
			buildConfigurations = (
				901D1A732CCD1F7300C4FFFB /* Debug */,
				901D1A742CCD1F7300C4FFFB /* Release */,
			);
			defaultConfigurationIsVisible = 0;
			defaultConfigurationName = Release;
		};
/* End XCConfigurationList section */
	};
	rootObject = 901D1A402CCD1F7200C4FFFB /* Project object */;
}
